
Microsoft Visual Studio Solution File, Format Version 12.00
Project("{FAE04EC0-301F-11D3-BF4B-00C04F79EFBC}") = "AcdbExtract", "AcdbExtract\AcdbExtract.csproj", "{F5929FBD-6196-43FF-B1FA-866781B13111}"
EndProject
Project("{FAE04EC0-301F-11D3-BF4B-00C04F79EFBC}") = "get_snd_dev_names", "get_snd_dev_names\get_snd_dev_names.csproj", "{5EA096DC-C816-46ED-A778-58BC9BA687FD}"
EndProject
Global
	GlobalSection(SolutionConfigurationPlatforms) = preSolution
		Debug|Any CPU = Debug|Any CPU
		Release|Any CPU = Release|Any CPU
	EndGlobalSection
	GlobalSection(ProjectConfigurationPlatforms) = postSolution
		{F5929FBD-6196-43FF-B1FA-866781B13111}.Debug|Any CPU.ActiveCfg = Debug|Any CPU
		{F5929FBD-6196-43FF-B1FA-866781B13111}.Debug|Any CPU.Build.0 = Debug|Any CPU
		{F5929FBD-6196-43FF-B1FA-866781B13111}.Release|Any CPU.ActiveCfg = Release|Any CPU
		{F5929FBD-6196-43FF-B1FA-866781B13111}.Release|Any CPU.Build.0 = Release|Any CPU
		{5EA096DC-C816-46ED-A778-58BC9BA687FD}.Debug|Any CPU.ActiveCfg = Debug|Any CPU
		{5EA096DC-C816-46ED-A778-58BC9BA687FD}.Debug|Any CPU.Build.0 = Debug|Any CPU
		{5EA096DC-C816-46ED-A778-58BC9BA687FD}.Release|Any CPU.ActiveCfg = Release|Any CPU
		{5EA096DC-C816-46ED-A778-58BC9BA687FD}.Release|Any CPU.Build.0 = Release|Any CPU
	EndGlobalSection
EndGlobal
